
Microsoft Visual Studio Solution File, Format Version 12.00
# Visual Studio 15
VisualStudioVersion = 15.0.28307.168
MinimumVisualStudioVersion = 10.0.40219.1
Project("{FAE04EC0-301F-11D3-BF4B-00C04F79EFBC}") = "lab6", "lab6\lab6.csproj", "{2C820B93-0AC5-46D4-B65D-35BED1809CD9}"
EndProject
Global
	GlobalSection(SolutionConfigurationPlatforms) = preSolution
		Debug|Any CPU = Debug|Any CPU
		Release|Any CPU = Release|Any CPU
	EndGlobalSection
	GlobalSection(ProjectConfigurationPlatforms) = postSolution
		{2C820B93-0AC5-46D4-B65D-35BED1809CD9}.Debug|Any CPU.ActiveCfg = Debug|Any CPU
		{2C820B93-0AC5-46D4-B65D-35BED1809CD9}.Debug|Any CPU.Build.0 = Debug|Any CPU
		{2C820B93-0AC5-46D4-B65D-35BED1809CD9}.Release|Any CPU.ActiveCfg = Release|Any CPU
		{2C820B93-0AC5-46D4-B65D-35BED1809CD9}.Release|Any CPU.Build.0 = Release|Any CPU
	EndGlobalSection
	GlobalSection(SolutionProperties) = preSolution
		HideSolutionNode = FALSE
	EndGlobalSection
	GlobalSection(ExtensibilityGlobals) = postSolution
		SolutionGuid = {7C0BEC7C-900F-4DAA-8124-0A47AD055680}
	EndGlobalSection
EndGlobal
